
Microsoft Visual Studio Solution File, Format Version 12.00
# Visual Studio Version 17
VisualStudioVersion = 17.3.32825.248
MinimumVisualStudioVersion = 10.0.40219.1
Project("{FAE04EC0-301F-11D3-BF4B-00C04F79EFBC}") = "MEMENIM.Framework", "MEMENIM.Framework.csproj", "{2870BB8C-7218-4B4A-891C-89E43923BD7A}"
EndProject
Global
	GlobalSection(SolutionConfigurationPlatforms) = preSolution
		Debug|Any CPU = Debug|Any CPU
		Release|Any CPU = Release|Any CPU
		Release Nuget|Any CPU = Release Nuget|Any CPU
	EndGlobalSection
	GlobalSection(ProjectConfigurationPlatforms) = postSolution
		{2870BB8C-7218-4B4A-891C-89E43923BD7A}.Debug|Any CPU.ActiveCfg = Debug|Any CPU
		{2870BB8C-7218-4B4A-891C-89E43923BD7A}.Debug|Any CPU.Build.0 = Debug|Any CPU
		{2870BB8C-7218-4B4A-891C-89E43923BD7A}.Release|Any CPU.ActiveCfg = Release|Any CPU
		{2870BB8C-7218-4B4A-891C-89E43923BD7A}.Release|Any CPU.Build.0 = Release|Any CPU
		{2870BB8C-7218-4B4A-891C-89E43923BD7A}.Release Nuget|Any CPU.ActiveCfg = Release Nuget|Any CPU
		{2870BB8C-7218-4B4A-891C-89E43923BD7A}.Release Nuget|Any CPU.Build.0 = Release Nuget|Any CPU
	EndGlobalSection
	GlobalSection(SolutionProperties) = preSolution
		HideSolutionNode = FALSE
	EndGlobalSection
	GlobalSection(ExtensibilityGlobals) = postSolution
		SolutionGuid = {1CE6904F-FBB8-4B93-802D-3FF365C4CADC}
	EndGlobalSection
EndGlobal
